PODS:
  - Flutter (1.0.0)
  - integration_test (0.0.1):
    - Flutter
  - tldr_get_location (0.0.1):
    - Flutter

DEPENDENCIES:
  - Flutter (from `Flutter`)
  - integration_test (from `.symlinks/plugins/integration_test/ios`)
  - tldr_get_location (from `.symlinks/plugins/tldr_get_location/ios`)

EXTERNAL SOURCES:
  Flutter:
    :path: Flutter
  integration_test:
    :path: ".symlinks/plugins/integration_test/ios"
  tldr_get_location:
    :path: ".symlinks/plugins/tldr_get_location/ios"

SPEC CHECKSUMS:
  Flutter: e0871f40cf51350855a761d2e70bf5af5b9b5de7
  integration_test: ce0a3ffa1de96d1a89ca0ac26fca7ea18a749ef4
  tldr_get_location: 1e7dd6306cdcef55cd71c01f75f40d5895a804ba

PODFILE CHECKSUM: 819463e6a0290f5a72f145ba7cde16e8b6ef0796

COCOAPODS: 1.15.2
